
Microsoft Visual Studio Solution File, Format Version 12.00
# Visual Studio Version 17
VisualStudioVersion = 17.11.35327.3
MinimumVisualStudioVersion = 10.0.40219.1
Project("{8BC9CEB8-8B4A-11D0-8D11-00A0C91BC942}") = "main-cheat-dll", "main-cheat-dll\main-cheat-dll.vcxproj", "{51DBDD60-98A9-4A2A-8744-7AD49604DFD6}"
EndProject
Project("{8BC9CEB8-8B4A-11D0-8D11-00A0C91BC942}") = "test-injector", "test-injector\test-injector.vcxproj", "{46A5D4C5-62A9-4FB5-ABA6-AB850001B968}"
EndProject
Global
	GlobalSection(SolutionConfigurationPlatforms) = preSolution
		Debug|x64 = Debug|x64
		Debug|x86 = Debug|x86
		Release|x64 = Release|x64
		Release|x86 = Release|x86
	EndGlobalSection
	GlobalSection(ProjectConfigurationPlatforms) = postSolution
		{51DBDD60-98A9-4A2A-8744-7AD49604DFD6}.Debug|x64.ActiveCfg = Debug|x64
		{51DBDD60-98A9-4A2A-8744-7AD49604DFD6}.Debug|x64.Build.0 = Debug|x64
		{51DBDD60-98A9-4A2A-8744-7AD49604DFD6}.Debug|x86.ActiveCfg = Debug|Win32
		{51DBDD60-98A9-4A2A-8744-7AD49604DFD6}.Debug|x86.Build.0 = Debug|Win32
		{51DBDD60-98A9-4A2A-8744-7AD49604DFD6}.Release|x64.ActiveCfg = Release|x64
		{51DBDD60-98A9-4A2A-8744-7AD49604DFD6}.Release|x64.Build.0 = Release|x64
		{51DBDD60-98A9-4A2A-8744-7AD49604DFD6}.Release|x86.ActiveCfg = Release|Win32
		{51DBDD60-98A9-4A2A-8744-7AD49604DFD6}.Release|x86.Build.0 = Release|Win32
		{46A5D4C5-62A9-4FB5-ABA6-AB850001B968}.Debug|x64.ActiveCfg = Debug|x64
		{46A5D4C5-62A9-4FB5-ABA6-AB850001B968}.Debug|x64.Build.0 = Debug|x64
		{46A5D4C5-62A9-4FB5-ABA6-AB850001B968}.Debug|x86.ActiveCfg = Debug|Win32
		{46A5D4C5-62A9-4FB5-ABA6-AB850001B968}.Debug|x86.Build.0 = Debug|Win32
		{46A5D4C5-62A9-4FB5-ABA6-AB850001B968}.Release|x64.ActiveCfg = Release|x64
		{46A5D4C5-62A9-4FB5-ABA6-AB850001B968}.Release|x64.Build.0 = Release|x64
		{46A5D4C5-62A9-4FB5-ABA6-AB850001B968}.Release|x86.ActiveCfg = Release|Win32
		{46A5D4C5-62A9-4FB5-ABA6-AB850001B968}.Release|x86.Build.0 = Release|Win32
	EndGlobalSection
	GlobalSection(SolutionProperties) = preSolution
		HideSolutionNode = FALSE
	EndGlobalSection
	GlobalSection(ExtensibilityGlobals) = postSolution
		SolutionGuid = {A2A9B110-4294-4E07-9937-29DAC1C33F97}
	EndGlobalSection
EndGlobal
